
Microsoft Visual Studio Solution File, Format Version 12.00
# Visual Studio Version 16
VisualStudioVersion = 16.0.30611.23
MinimumVisualStudioVersion = 10.0.40219.1
Project("{FAE04EC0-301F-11D3-BF4B-00C04F79EFBC}") = "AspMVC_React", "AspMVC_React\AspMVC_React.csproj", "{F93806B7-306E-49EF-A2A8-10FBE4B310B2}"
EndProject
Project("{FAE04EC0-301F-11D3-BF4B-00C04F79EFBC}") = "DataModels", "DataModels\DataModels.csproj", "{932A09D0-DC99-414C-A1D9-003CB22B9BE8}"
EndProject
Global
	GlobalSection(SolutionConfigurationPlatforms) = preSolution
		Debug|Any CPU = Debug|Any CPU
		Release|Any CPU = Release|Any CPU
	EndGlobalSection
	GlobalSection(ProjectConfigurationPlatforms) = postSolution
		{F93806B7-306E-49EF-A2A8-10FBE4B310B2}.Debug|Any CPU.ActiveCfg = Debug|Any CPU
		{F93806B7-306E-49EF-A2A8-10FBE4B310B2}.Debug|Any CPU.Build.0 = Debug|Any CPU
		{F93806B7-306E-49EF-A2A8-10FBE4B310B2}.Release|Any CPU.ActiveCfg = Release|Any CPU
		{F93806B7-306E-49EF-A2A8-10FBE4B310B2}.Release|Any CPU.Build.0 = Release|Any CPU
		{932A09D0-DC99-414C-A1D9-003CB22B9BE8}.Debug|Any CPU.ActiveCfg = Debug|Any CPU
		{932A09D0-DC99-414C-A1D9-003CB22B9BE8}.Debug|Any CPU.Build.0 = Debug|Any CPU
		{932A09D0-DC99-414C-A1D9-003CB22B9BE8}.Release|Any CPU.ActiveCfg = Release|Any CPU
		{932A09D0-DC99-414C-A1D9-003CB22B9BE8}.Release|Any CPU.Build.0 = Release|Any CPU
	EndGlobalSection
	GlobalSection(SolutionProperties) = preSolution
		HideSolutionNode = FALSE
	EndGlobalSection
	GlobalSection(ExtensibilityGlobals) = postSolution
		SolutionGuid = {365772B7-0AC9-40B3-9099-223318F6377C}
	EndGlobalSection
EndGlobal
